
Microsoft Visual Studio Solution File, Format Version 12.00
# Visual Studio Version 17
VisualStudioVersion = 17.5.2.0
MinimumVisualStudioVersion = 10.0.40219.1
Project("{FAE04EC0-301F-11D3-BF4B-00C04F79EFBC}") = "TextProcessor", "TextProcessor\TextProcessor.csproj", "{093DFC49-AC42-41C6-A394-F849F4D0D863}"
EndProject
Project("{FAE04EC0-301F-11D3-BF4B-00C04F79EFBC}") = "ImageFlipper", "ImageFlipper\ImageFlipper.csproj", "{42063FE8-7CEE-43CC-A964-48FC5B64FB14}"
EndProject
Global
	GlobalSection(SolutionConfigurationPlatforms) = preSolution
		Debug|Any CPU = Debug|Any CPU
		Debug|x64 = Debug|x64
		Debug|x86 = Debug|x86
		Release|Any CPU = Release|Any CPU
		Release|x64 = Release|x64
		Release|x86 = Release|x86
	EndGlobalSection
	GlobalSection(ProjectConfigurationPlatforms) = postSolution
		{093DFC49-AC42-41C6-A394-F849F4D0D863}.Debug|Any CPU.ActiveCfg = Debug|Any CPU
		{093DFC49-AC42-41C6-A394-F849F4D0D863}.Debug|Any CPU.Build.0 = Debug|Any CPU
		{093DFC49-AC42-41C6-A394-F849F4D0D863}.Debug|x64.ActiveCfg = Debug|Any CPU
		{093DFC49-AC42-41C6-A394-F849F4D0D863}.Debug|x64.Build.0 = Debug|Any CPU
		{093DFC49-AC42-41C6-A394-F849F4D0D863}.Debug|x86.ActiveCfg = Debug|Any CPU
		{093DFC49-AC42-41C6-A394-F849F4D0D863}.Debug|x86.Build.0 = Debug|Any CPU
		{093DFC49-AC42-41C6-A394-F849F4D0D863}.Release|Any CPU.ActiveCfg = Release|Any CPU
		{093DFC49-AC42-41C6-A394-F849F4D0D863}.Release|Any CPU.Build.0 = Release|Any CPU
		{093DFC49-AC42-41C6-A394-F849F4D0D863}.Release|x64.ActiveCfg = Release|Any CPU
		{093DFC49-AC42-41C6-A394-F849F4D0D863}.Release|x64.Build.0 = Release|Any CPU
		{093DFC49-AC42-41C6-A394-F849F4D0D863}.Release|x86.ActiveCfg = Release|Any CPU
		{093DFC49-AC42-41C6-A394-F849F4D0D863}.Release|x86.Build.0 = Release|Any CPU
		{42063FE8-7CEE-43CC-A964-48FC5B64FB14}.Debug|Any CPU.ActiveCfg = Debug|Any CPU
		{42063FE8-7CEE-43CC-A964-48FC5B64FB14}.Debug|Any CPU.Build.0 = Debug|Any CPU
		{42063FE8-7CEE-43CC-A964-48FC5B64FB14}.Debug|x64.ActiveCfg = Debug|Any CPU
		{42063FE8-7CEE-43CC-A964-48FC5B64FB14}.Debug|x64.Build.0 = Debug|Any CPU
		{42063FE8-7CEE-43CC-A964-48FC5B64FB14}.Debug|x86.ActiveCfg = Debug|Any CPU
		{42063FE8-7CEE-43CC-A964-48FC5B64FB14}.Debug|x86.Build.0 = Debug|Any CPU
		{42063FE8-7CEE-43CC-A964-48FC5B64FB14}.Release|Any CPU.ActiveCfg = Release|Any CPU
		{42063FE8-7CEE-43CC-A964-48FC5B64FB14}.Release|Any CPU.Build.0 = Release|Any CPU
		{42063FE8-7CEE-43CC-A964-48FC5B64FB14}.Release|x64.ActiveCfg = Release|Any CPU
		{42063FE8-7CEE-43CC-A964-48FC5B64FB14}.Release|x64.Build.0 = Release|Any CPU
		{42063FE8-7CEE-43CC-A964-48FC5B64FB14}.Release|x86.ActiveCfg = Release|Any CPU
		{42063FE8-7CEE-43CC-A964-48FC5B64FB14}.Release|x86.Build.0 = Release|Any CPU
	EndGlobalSection
	GlobalSection(SolutionProperties) = preSolution
		HideSolutionNode = FALSE
	EndGlobalSection
	GlobalSection(ExtensibilityGlobals) = postSolution
		SolutionGuid = {11EE165B-02D2-4A67-99D4-B030C1D3BC0F}
	EndGlobalSection
EndGlobal
